
Microsoft Visual Studio Solution File, Format Version 12.00
# Visual Studio Version 16
VisualStudioVersion = 16.0.32002.261
MinimumVisualStudioVersion = 10.0.40219.1
Project("{FAE04EC0-301F-11D3-BF4B-00C04F79EFBC}") = "cvBase", "cvBase\cvBase.csproj", "{3D4CAC00-F3E5-4C56-AF04-50A0AB70A234}"
EndProject
Project("{FAE04EC0-301F-11D3-BF4B-00C04F79EFBC}") = "cvTest", "cvTest\cvTest.csproj", "{AAA7EC80-E330-4FBB-9CC5-8922E13F0E8B}"
EndProject
Global
	GlobalSection(SolutionConfigurationPlatforms) = preSolution
		Debug|Any CPU = Debug|Any CPU
		Release|Any CPU = Release|Any CPU
	EndGlobalSection
	GlobalSection(ProjectConfigurationPlatforms) = postSolution
		{3D4CAC00-F3E5-4C56-AF04-50A0AB70A234}.Debug|Any CPU.ActiveCfg = Debug|Any CPU
		{3D4CAC00-F3E5-4C56-AF04-50A0AB70A234}.Debug|Any CPU.Build.0 = Debug|Any CPU
		{3D4CAC00-F3E5-4C56-AF04-50A0AB70A234}.Release|Any CPU.ActiveCfg = Release|Any CPU
		{3D4CAC00-F3E5-4C56-AF04-50A0AB70A234}.Release|Any CPU.Build.0 = Release|Any CPU
		{AAA7EC80-E330-4FBB-9CC5-8922E13F0E8B}.Debug|Any CPU.ActiveCfg = Debug|Any CPU
		{AAA7EC80-E330-4FBB-9CC5-8922E13F0E8B}.Debug|Any CPU.Build.0 = Debug|Any CPU
		{AAA7EC80-E330-4FBB-9CC5-8922E13F0E8B}.Release|Any CPU.ActiveCfg = Release|Any CPU
		{AAA7EC80-E330-4FBB-9CC5-8922E13F0E8B}.Release|Any CPU.Build.0 = Release|Any CPU
	EndGlobalSection
	GlobalSection(SolutionProperties) = preSolution
		HideSolutionNode = FALSE
	EndGlobalSection
	GlobalSection(ExtensibilityGlobals) = postSolution
		SolutionGuid = {B3961512-9EFF-495D-A843-97F173177DB5}
	EndGlobalSection
EndGlobal
